{
  "name": "@zhucher/dsh-file-drop",
  "version": "0.3.0",
  "lockfileVersion": 3,
  "requires": true,
  "packages": {
    "": {
      "name": "@zhucher/dsh-file-drop",
      "version": "0.3.0",
      "license": "MIT",
      "dependencies": {
        "smol-toml": "^1.8.0"
      },
      "bin": {
        "dsh-file-drop-resolve": "bin/resolve-conflicts.js"
      },
      "engines": {
        "node": ">=20"
      }
    },
    "node_modules/smol-toml": {
      "version": "1.8.0",
      "resolved": "https://registry.npmjs.org/smol-toml/-/smol-toml-1.8.0.tgz",
      "integrity": "sha512-kCZr2V3ch9i00x8zXRhjUNVcjG9ijES5dDudkXvUVCT5QlJNQWElSJdZqyPemffHoLNUYwOcou0Fy+ojN0uHSQ==",
      "license": "BSD-3-Clause",
      "engines": {
        "node": ">= 18"
      },
      "funding": {
        "url": "https://github.com/sponsors/cyyynthia"
      }
    }
  }
}
